
Microsoft Visual Studio Solution File, Format Version 12.00
# Visual Studio 15
VisualStudioVersion = 15.0.28307.106
MinimumVisualStudioVersion = 10.0.40219.1
Project("{FAE04EC0-301F-11D3-BF4B-00C04F79EFBC}") = "WhileStructure1", "WhileStructure1\WhileStructure1.csproj", "{43E833C5-8C38-4868-AEB4-F580EE87AE7A}"
EndProject
Project("{FAE04EC0-301F-11D3-BF4B-00C04F79EFBC}") = "WhileStructure2", "WhileStructure2\WhileStructure2.csproj", "{33FC2B36-7AF9-4E82-BF62-39FCF8CA8F92}"
EndProject
Project("{FAE04EC0-301F-11D3-BF4B-00C04F79EFBC}") = "WhileStructure3", "WhileStructure3\WhileStructure3.csproj", "{44A9C2F4-45E0-483F-BD60-2846B073DCE2}"
EndProject
Project("{FAE04EC0-301F-11D3-BF4B-00C04F79EFBC}") = "WhileStructure4", "WhileStructure4\WhileStructure4.csproj", "{FE44882A-B3B3-4010-BDEF-C468E6617B0C}"
EndProject
Project("{FAE04EC0-301F-11D3-BF4B-00C04F79EFBC}") = "Triangle", "Triangle\Triangle.csproj", "{63C3AF7E-D56A-44E1-BE5D-321762769933}"
EndProject
Project("{FAE04EC0-301F-11D3-BF4B-00C04F79EFBC}") = "TimeConversion", "TimeConversion\TimeConversion.csproj", "{AEF4E80C-6FBB-41DD-B0D0-92064C61D927}"
EndProject
Global
	GlobalSection(SolutionConfigurationPlatforms) = preSolution
		Debug|Any CPU = Debug|Any CPU
		Release|Any CPU = Release|Any CPU
	EndGlobalSection
	GlobalSection(ProjectConfigurationPlatforms) = postSolution
		{43E833C5-8C38-4868-AEB4-F580EE87AE7A}.Debug|Any CPU.ActiveCfg = Debug|Any CPU
		{43E833C5-8C38-4868-AEB4-F580EE87AE7A}.Debug|Any CPU.Build.0 = Debug|Any CPU
		{43E833C5-8C38-4868-AEB4-F580EE87AE7A}.Release|Any CPU.ActiveCfg = Release|Any CPU
		{43E833C5-8C38-4868-AEB4-F580EE87AE7A}.Release|Any CPU.Build.0 = Release|Any CPU
		{33FC2B36-7AF9-4E82-BF62-39FCF8CA8F92}.Debug|Any CPU.ActiveCfg = Debug|Any CPU
		{33FC2B36-7AF9-4E82-BF62-39FCF8CA8F92}.Debug|Any CPU.Build.0 = Debug|Any CPU
		{33FC2B36-7AF9-4E82-BF62-39FCF8CA8F92}.Release|Any CPU.ActiveCfg = Release|Any CPU
		{33FC2B36-7AF9-4E82-BF62-39FCF8CA8F92}.Release|Any CPU.Build.0 = Release|Any CPU
		{44A9C2F4-45E0-483F-BD60-2846B073DCE2}.Debug|Any CPU.ActiveCfg = Debug|Any CPU
		{44A9C2F4-45E0-483F-BD60-2846B073DCE2}.Debug|Any CPU.Build.0 = Debug|Any CPU
		{44A9C2F4-45E0-483F-BD60-2846B073DCE2}.Release|Any CPU.ActiveCfg = Release|Any CPU
		{44A9C2F4-45E0-483F-BD60-2846B073DCE2}.Release|Any CPU.Build.0 = Release|Any CPU
		{FE44882A-B3B3-4010-BDEF-C468E6617B0C}.Debug|Any CPU.ActiveCfg = Debug|Any CPU
		{FE44882A-B3B3-4010-BDEF-C468E6617B0C}.Debug|Any CPU.Build.0 = Debug|Any CPU
		{FE44882A-B3B3-4010-BDEF-C468E6617B0C}.Release|Any CPU.ActiveCfg = Release|Any CPU
		{FE44882A-B3B3-4010-BDEF-C468E6617B0C}.Release|Any CPU.Build.0 = Release|Any CPU
		{63C3AF7E-D56A-44E1-BE5D-321762769933}.Debug|Any CPU.ActiveCfg = Debug|Any CPU
		{63C3AF7E-D56A-44E1-BE5D-321762769933}.Debug|Any CPU.Build.0 = Debug|Any CPU
		{63C3AF7E-D56A-44E1-BE5D-321762769933}.Release|Any CPU.ActiveCfg = Release|Any CPU
		{63C3AF7E-D56A-44E1-BE5D-321762769933}.Release|Any CPU.Build.0 = Release|Any CPU
		{AEF4E80C-6FBB-41DD-B0D0-92064C61D927}.Debug|Any CPU.ActiveCfg = Debug|Any CPU
		{AEF4E80C-6FBB-41DD-B0D0-92064C61D927}.Debug|Any CPU.Build.0 = Debug|Any CPU
		{AEF4E80C-6FBB-41DD-B0D0-92064C61D927}.Release|Any CPU.ActiveCfg = Release|Any CPU
		{AEF4E80C-6FBB-41DD-B0D0-92064C61D927}.Release|Any CPU.Build.0 = Release|Any CPU
	EndGlobalSection
	GlobalSection(SolutionProperties) = preSolution
		HideSolutionNode = FALSE
	EndGlobalSection
	GlobalSection(ExtensibilityGlobals) = postSolution
		SolutionGuid = {5B3182F1-6A83-4B3F-A36F-9587145D3F3A}
	EndGlobalSection
EndGlobal
